
Microsoft Visual Studio Solution File, Format Version 12.00
# Visual Studio Version 16
VisualStudioVersion = 16.0.29020.237
MinimumVisualStudioVersion = 10.0.40219.1
Project("{FAE04EC0-301F-11D3-BF4B-00C04F79EFBC}") = "SpanishCardsChallenge", "SpanishCardsChallenge\SpanishCardsChallenge.csproj", "{4E806E3D-936E-4CBD-A60F-F0D29D935D03}"
EndProject
Global
	GlobalSection(SolutionConfigurationPlatforms) = preSolution
		Debug|Any CPU = Debug|Any CPU
		Release|Any CPU = Release|Any CPU
	EndGlobalSection
	GlobalSection(ProjectConfigurationPlatforms) = postSolution
		{4E806E3D-936E-4CBD-A60F-F0D29D935D03}.Debug|Any CPU.ActiveCfg = Debug|Any CPU
		{4E806E3D-936E-4CBD-A60F-F0D29D935D03}.Debug|Any CPU.Build.0 = Debug|Any CPU
		{4E806E3D-936E-4CBD-A60F-F0D29D935D03}.Release|Any CPU.ActiveCfg = Release|Any CPU
		{4E806E3D-936E-4CBD-A60F-F0D29D935D03}.Release|Any CPU.Build.0 = Release|Any CPU
	EndGlobalSection
	GlobalSection(SolutionProperties) = preSolution
		HideSolutionNode = FALSE
	EndGlobalSection
	GlobalSection(ExtensibilityGlobals) = postSolution
		SolutionGuid = {188466CB-5164-4B36-9693-3C468787E1D2}
	EndGlobalSection
EndGlobal
